
Microsoft Visual Studio Solution File, Format Version 12.00
# Visual Studio Version 17
VisualStudioVersion = 17.14.36408.4 d17.14
MinimumVisualStudioVersion = 10.0.40219.1
Project("{8BC9CEB8-8B4A-11D0-8D11-00A0C91BC942}") = "gnu_LanguageC", "gnu_LanguageC.vcxproj", "{85C355BC-AFAD-4E8B-8F9C-412D6BC7CCCF}"
EndProject
Global
	GlobalSection(SolutionConfigurationPlatforms) = preSolution
		Debug|x64 = Debug|x64
		Debug|x86 = Debug|x86
		Release|x64 = Release|x64
		Release|x86 = Release|x86
	EndGlobalSection
	GlobalSection(ProjectConfigurationPlatforms) = postSolution
		{85C355BC-AFAD-4E8B-8F9C-412D6BC7CCCF}.Debug|x64.ActiveCfg = Debug|x64
		{85C355BC-AFAD-4E8B-8F9C-412D6BC7CCCF}.Debug|x64.Build.0 = Debug|x64
		{85C355BC-AFAD-4E8B-8F9C-412D6BC7CCCF}.Debug|x86.ActiveCfg = Debug|Win32
		{85C355BC-AFAD-4E8B-8F9C-412D6BC7CCCF}.Debug|x86.Build.0 = Debug|Win32
		{85C355BC-AFAD-4E8B-8F9C-412D6BC7CCCF}.Release|x64.ActiveCfg = Release|x64
		{85C355BC-AFAD-4E8B-8F9C-412D6BC7CCCF}.Release|x64.Build.0 = Release|x64
		{85C355BC-AFAD-4E8B-8F9C-412D6BC7CCCF}.Release|x86.ActiveCfg = Release|Win32
		{85C355BC-AFAD-4E8B-8F9C-412D6BC7CCCF}.Release|x86.Build.0 = Release|Win32
	EndGlobalSection
	GlobalSection(SolutionProperties) = preSolution
		HideSolutionNode = FALSE
	EndGlobalSection
	GlobalSection(ExtensibilityGlobals) = postSolution
		SolutionGuid = {2C479E9D-5827-4C46-BD49-2463578CC515}
	EndGlobalSection
EndGlobal
